# THIS IS AN AUTOGENERATED FILE. DO NOT EDIT THIS FILE DIRECTLY.
# yarn lockfile v1


"@babel/code-frame@^7.0.0":
  version "7.12.13"
  resolved "https://registry.yarnpkg.com/@babel/code-frame/-/code-frame-7.12.13.tgz#dcfc826beef65e75c50e21d3837d7d95798dd658"
  dependencies:
    "@babel/highlight" "^7.12.13"

"@babel/helper-validator-identifier@^7.12.11":
  version "7.12.11"
  resolved "https://registry.yarnpkg.com/@babel/helper-validator-identifier/-/helper-validator-identifier-7.12.11.tgz#c9a1f021917dcb5ccf0d4e453e399022981fc9ed"

"@babel/highlight@^7.12.13":
  version "7.13.10"
  resolved "https://registry.yarnpkg.com/@babel/highlight/-/highlight-7.13.10.tgz#a8b2a66148f5b27d666b15d81774347a731d52d1"
  dependencies:
    "@babel/helper-validator-identifier" "^7.12.11"
    chalk "^2.0.0"
    js-tokens "^4.0.0"

"@nodelib/fs.scandir@2.1.4":
  version "2.1.4"
  resolved "https://registry.yarnpkg.com/@nodelib/fs.scandir/-/fs.scandir-2.1.4.tgz#d4b3549a5db5de2683e0c1071ab4f140904bbf69"
  dependencies:
    "@nodelib/fs.stat" "2.0.4"
    run-parallel "^1.1.9"

"@nodelib/fs.stat@2.0.4", "@nodelib/fs.stat@^2.0.2":
  version "2.0.4"
  resolved "https://registry.yarnpkg.com/@nodelib/fs.stat/-/fs.stat-2.0.4.tgz#a3f2dd61bab43b8db8fa108a121cfffe4c676655"

"@nodelib/fs.walk@^1.2.3":
  version "1.2.6"
  resolved "https://registry.yarnpkg.com/@nodelib/fs.walk/-/fs.walk-1.2.6.tgz#cce9396b30aa5afe9e3756608f5831adcb53d063"
  dependencies:
    "@nodelib/fs.scandir" "2.1.4"
    fastq "^1.6.0"

"@types/parse-json@^4.0.0":
  version "4.0.0"
  resolved "https://registry.yarnpkg.com/@types/parse-json/-/parse-json-4.0.0.tgz#2f8bb441434d163b35fb8ffdccd7138927ffb8c0"

"@vue/composition-api@^1.0.0-rc.5":
  version "1.0.0-rc.5"
  resolved "https://registry.yarnpkg.com/@vue/composition-api/-/composition-api-1.0.0-rc.5.tgz#9b857743dd2692073b6df90fa2cfb9a75a1bb2f6"
  dependencies:
    tslib "^2.1.0"

ansi-styles@^3.2.1:
  version "3.2.1"
  resolved "https://registry.yarnpkg.com/ansi-styles/-/ansi-styles-3.2.1.tgz#41fbb20243e50b12be0f04b8dedbf07520ce841d"
  dependencies:
    color-convert "^1.9.0"

ansi-styles@^4.1.0:
  version "4.3.0"
  resolved "https://registry.yarnpkg.com/ansi-styles/-/ansi-styles-4.3.0.tgz#edd803628ae71c04c85ae7a0906edad34b648937"
  dependencies:
    color-convert "^2.0.1"

any-promise@^1.0.0:
  version "1.3.0"
  resolved "https://registry.yarnpkg.com/any-promise/-/any-promise-1.3.0.tgz#abc6afeedcea52e809cdc0376aed3ce39635d17f"

anymatch@~3.1.1:
  version "3.1.1"
  resolved "https://registry.yarnpkg.com/anymatch/-/anymatch-3.1.1.tgz#c55ecf02185e2469259399310c173ce31233b142"
  dependencies:
    normalize-path "^3.0.0"
    picomatch "^2.0.4"

array-union@^2.1.0:
  version "2.1.0"
  resolved "https://registry.yarnpkg.com/array-union/-/array-union-2.1.0.tgz#b798420adbeb1de828d84acd8a2e23d3efe85e8d"

balanced-match@^1.0.0:
  version "1.0.0"
  resolved "https://registry.yarnpkg.com/balanced-match/-/balanced-match-1.0.0.tgz#89b4d199ab2bee49de164ea02b89ce462d71b767"

binary-extensions@^2.0.0:
  version "2.2.0"
  resolved "https://registry.yarnpkg.com/binary-extensions/-/binary-extensions-2.2.0.tgz#75f502eeaf9ffde42fc98829645be4ea76bd9e2d"

brace-expansion@^1.1.7:
  version "1.1.11"
  resolved "https://registry.yarnpkg.com/brace-expansion/-/brace-expansion-1.1.11.tgz#3c7fcbf529d87226f3d2f52b966ff5271eb441dd"
  dependencies:
    balanced-match "^1.0.0"
    concat-map "0.0.1"

braces@^3.0.1, braces@~3.0.2:
  version "3.0.2"
  resolved "https://registry.yarnpkg.com/braces/-/braces-3.0.2.tgz#3454e1a462ee8d599e236df336cd9ea4f8afe107"
  dependencies:
    fill-range "^7.0.1"

cac@^6.7.2:
  version "6.7.2"
  resolved "https://registry.yarnpkg.com/cac/-/cac-6.7.2.tgz#e7f0d21f4776c46c7d0de7976e56fa5562e17597"

callsites@^3.0.0:
  version "3.1.0"
  resolved "https://registry.yarnpkg.com/callsites/-/callsites-3.1.0.tgz#b3630abd8943432f54b3f0519238e33cd7df2f73"

chalk@^2.0.0:
  version "2.4.2"
  resolved "https://registry.yarnpkg.com/chalk/-/chalk-2.4.2.tgz#cd42541677a54333cf541a49108c1432b44c9424"
  dependencies:
    ansi-styles "^3.2.1"
    escape-string-regexp "^1.0.5"
    supports-color "^5.3.0"

chalk@^4.1.0:
  version "4.1.0"
  resolved "https://registry.yarnpkg.com/chalk/-/chalk-4.1.0.tgz#4e14870a618d9e2edd97dd8345fd9d9dc315646a"
  dependencies:
    ansi-styles "^4.1.0"
    supports-color "^7.1.0"

chokidar@^3.5.1:
  version "3.5.1"
  resolved "https://registry.yarnpkg.com/chokidar/-/chokidar-3.5.1.tgz#ee9ce7bbebd2b79f49f304799d5468e31e14e68a"
  dependencies:
    anymatch "~3.1.1"
    braces "~3.0.2"
    glob-parent "~5.1.0"
    is-binary-path "~2.1.0"
    is-glob "~4.0.1"
    normalize-path "~3.0.0"
    readdirp "~3.5.0"
  optionalDependencies:
    fsevents "~2.3.1"

color-convert@^1.9.0:
  version "1.9.3"
  resolved "https://registry.yarnpkg.com/color-convert/-/color-convert-1.9.3.tgz#bb71850690e1f136567de629d2d5471deda4c1e8"
  dependencies:
    color-name "1.1.3"

color-convert@^2.0.1:
  version "2.0.1"
  resolved "https://registry.yarnpkg.com/color-convert/-/color-convert-2.0.1.tgz#72d3a68d598c9bdb3af2ad1e84f21d896abd4de3"
  dependencies:
    color-name "~1.1.4"

color-name@1.1.3:
  version "1.1.3"
  resolved "https://registry.yarnpkg.com/color-name/-/color-name-1.1.3.tgz#a7d0558bd89c42f795dd42328f740831ca53bc25"

color-name@~1.1.4:
  version "1.1.4"
  resolved "https://registry.yarnpkg.com/color-name/-/color-name-1.1.4.tgz#c2a09a87acbde69543de6f63fa3995c826c536a2"

commander@^4.0.0:
  version "4.1.1"
  resolved "https://registry.yarnpkg.com/commander/-/commander-4.1.1.tgz#9fd602bd936294e9e9ef46a3f4d6964044b18068"

concat-map@0.0.1:
  version "0.0.1"
  resolved "https://registry.yarnpkg.com/concat-map/-/concat-map-0.0.1.tgz#d8a96bd77fd68df7793a73036a3ba0d5405d477b"

cosmiconfig@^7.0.0:
  version "7.0.0"
  resolved "https://registry.yarnpkg.com/cosmiconfig/-/cosmiconfig-7.0.0.tgz#ef9b44d773959cae63ddecd122de23853b60f8d3"
  dependencies:
    "@types/parse-json" "^4.0.0"
    import-fresh "^3.2.1"
    parse-json "^5.0.0"
    path-type "^4.0.0"
    yaml "^1.10.0"

cross-spawn@^7.0.3:
  version "7.0.3"
  resolved "https://registry.yarnpkg.com/cross-spawn/-/cross-spawn-7.0.3.tgz#f73a85b9d5d41d045551c177e2882d4ac85728a6"
  dependencies:
    path-key "^3.1.0"
    shebang-command "^2.0.0"
    which "^2.0.1"

debug@^4.3.1:
  version "4.3.1"
  resolved "https://registry.yarnpkg.com/debug/-/debug-4.3.1.tgz#f0d229c505e0c6d8c49ac553d1b13dc183f6b2ee"
  dependencies:
    ms "2.1.2"

dir-glob@^3.0.1:
  version "3.0.1"
  resolved "https://registry.yarnpkg.com/dir-glob/-/dir-glob-3.0.1.tgz#56dbf73d992a4a93ba1584f4534063fd2e41717f"
  dependencies:
    path-type "^4.0.0"

error-ex@^1.3.1:
  version "1.3.2"
  resolved "https://registry.yarnpkg.com/error-ex/-/error-ex-1.3.2.tgz#b4ac40648107fdcdcfae242f428bea8a14d4f1bf"
  dependencies:
    is-arrayish "^0.2.1"

esbuild@^0.10.2:
  version "0.10.2"
  resolved "https://registry.yarnpkg.com/esbuild/-/esbuild-0.10.2.tgz#caa65a8f3096d547d89159918039df6c5c6c90be"

escape-string-regexp@^1.0.5:
  version "1.0.5"
  resolved "https://registry.yarnpkg.com/escape-string-regexp/-/escape-string-regexp-1.0.5.tgz#1b61c0562190a8dff6ae3bb2cf0200ca130b86d4"

execa@^5.0.0:
  version "5.0.0"
  resolved "https://registry.yarnpkg.com/execa/-/execa-5.0.0.tgz#4029b0007998a841fbd1032e5f4de86a3c1e3376"
  dependencies:
    cross-spawn "^7.0.3"
    get-stream "^6.0.0"
    human-signals "^2.1.0"
    is-stream "^2.0.0"
    merge-stream "^2.0.0"
    npm-run-path "^4.0.1"
    onetime "^5.1.2"
    signal-exit "^3.0.3"
    strip-final-newline "^2.0.0"

fast-glob@^3.1.1:
  version "3.2.5"
  resolved "https://registry.yarnpkg.com/fast-glob/-/fast-glob-3.2.5.tgz#7939af2a656de79a4f1901903ee8adcaa7cb9661"
  dependencies:
    "@nodelib/fs.stat" "^2.0.2"
    "@nodelib/fs.walk" "^1.2.3"
    glob-parent "^5.1.0"
    merge2 "^1.3.0"
    micromatch "^4.0.2"
    picomatch "^2.2.1"

fastq@^1.6.0:
  version "1.11.0"
  resolved "https://registry.yarnpkg.com/fastq/-/fastq-1.11.0.tgz#bb9fb955a07130a918eb63c1f5161cc32a5d0858"
  dependencies:
    reusify "^1.0.4"

fill-range@^7.0.1:
  version "7.0.1"
  resolved "https://registry.yarnpkg.com/fill-range/-/fill-range-7.0.1.tgz#1919a6a7c75fe38b2c7c77e5198535da9acdda40"
  dependencies:
    to-regex-range "^5.0.1"

fs.realpath@^1.0.0:
  version "1.0.0"
  resolved "https://registry.yarnpkg.com/fs.realpath/-/fs.realpath-1.0.0.tgz#1504ad2523158caa40db4a2787cb01411994ea4f"

fsevents@~2.3.1:
  version "2.3.2"
  resolved "https://registry.yarnpkg.com/fsevents/-/fsevents-2.3.2.tgz#8a526f78b8fdf4623b709e0b975c52c24c02fd1a"

get-stream@^6.0.0:
  version "6.0.0"
  resolved "https://registry.yarnpkg.com/get-stream/-/get-stream-6.0.0.tgz#3e0012cb6827319da2706e601a1583e8629a6718"

glob-parent@^5.1.0, glob-parent@~5.1.0:
  version "5.1.2"
  resolved "https://registry.yarnpkg.com/glob-parent/-/glob-parent-5.1.2.tgz#869832c58034fe68a4093c17dc15e8340d8401c4"
  dependencies:
    is-glob "^4.0.1"

glob@7.1.6, glob@^7.1.3:
  version "7.1.6"
  resolved "https://registry.yarnpkg.com/glob/-/glob-7.1.6.tgz#141f33b81a7c2492e125594307480c46679278a6"
  dependencies:
    fs.realpath "^1.0.0"
    inflight "^1.0.4"
    inherits "2"
    minimatch "^3.0.4"
    once "^1.3.0"
    path-is-absolute "^1.0.0"

globby@^11.0.2:
  version "11.0.3"
  resolved "https://registry.yarnpkg.com/globby/-/globby-11.0.3.tgz#9b1f0cb523e171dd1ad8c7b2a9fb4b644b9593cb"
  dependencies:
    array-union "^2.1.0"
    dir-glob "^3.0.1"
    fast-glob "^3.1.1"
    ignore "^5.1.4"
    merge2 "^1.3.0"
    slash "^3.0.0"

has-flag@^3.0.0:
  version "3.0.0"
  resolved "https://registry.yarnpkg.com/has-flag/-/has-flag-3.0.0.tgz#b5d454dc2199ae225699f3467e5a07f3b955bafd"

has-flag@^4.0.0:
  version "4.0.0"
  resolved "https://registry.yarnpkg.com/has-flag/-/has-flag-4.0.0.tgz#944771fd9c81c81265c4d6941860da06bb59479b"

human-signals@^2.1.0:
  version "2.1.0"
  resolved "https://registry.yarnpkg.com/human-signals/-/human-signals-2.1.0.tgz#dc91fcba42e4d06e4abaed33b3e7a3c02f514ea0"

ignore@^5.1.4:
  version "5.1.8"
  resolved "https://registry.yarnpkg.com/ignore/-/ignore-5.1.8.tgz#f150a8b50a34289b33e22f5889abd4d8016f0e57"

import-cwd@^3.0.0:
  version "3.0.0"
  resolved "https://registry.yarnpkg.com/import-cwd/-/import-cwd-3.0.0.tgz#20845547718015126ea9b3676b7592fb8bd4cf92"
  dependencies:
    import-from "^3.0.0"

import-fresh@^3.2.1:
  version "3.3.0"
  resolved "https://registry.yarnpkg.com/import-fresh/-/import-fresh-3.3.0.tgz#37162c25fcb9ebaa2e6e53d5b4d88ce17d9e0c2b"
  dependencies:
    parent-module "^1.0.0"
    resolve-from "^4.0.0"

import-from@^3.0.0:
  version "3.0.0"
  resolved "https://registry.yarnpkg.com/import-from/-/import-from-3.0.0.tgz#055cfec38cd5a27d8057ca51376d7d3bf0891966"
  dependencies:
    resolve-from "^5.0.0"

inflight@^1.0.4:
  version "1.0.6"
  resolved "https://registry.yarnpkg.com/inflight/-/inflight-1.0.6.tgz#49bd6331d7d02d0c09bc910a1075ba8165b56df9"
  dependencies:
    once "^1.3.0"
    wrappy "1"

inherits@2:
  version "2.0.4"
  resolved "https://registry.yarnpkg.com/inherits/-/inherits-2.0.4.tgz#0fa2c64f932917c3433a0ded55363aae37416b7c"

is-arrayish@^0.2.1:
  version "0.2.1"
  resolved "https://registry.yarnpkg.com/is-arrayish/-/is-arrayish-0.2.1.tgz#77c99840527aa8ecb1a8ba697b80645a7a926a9d"

is-binary-path@~2.1.0:
  version "2.1.0"
  resolved "https://registry.yarnpkg.com/is-binary-path/-/is-binary-path-2.1.0.tgz#ea1f7f3b80f064236e83470f86c09c254fb45b09"
  dependencies:
    binary-extensions "^2.0.0"

is-extglob@^2.1.1:
  version "2.1.1"
  resolved "https://registry.yarnpkg.com/is-extglob/-/is-extglob-2.1.1.tgz#a88c02535791f02ed37c76a1b9ea9773c833f8c2"

is-glob@^4.0.1, is-glob@~4.0.1:
  version "4.0.1"
  resolved "https://registry.yarnpkg.com/is-glob/-/is-glob-4.0.1.tgz#7567dbe9f2f5e2467bc77ab83c4a29482407a5dc"
  dependencies:
    is-extglob "^2.1.1"

is-number@^7.0.0:
  version "7.0.0"
  resolved "https://registry.yarnpkg.com/is-number/-/is-number-7.0.0.tgz#7535345b896734d5f80c4d06c50955527a14f12b"

is-stream@^2.0.0:
  version "2.0.0"
  resolved "https://registry.yarnpkg.com/is-stream/-/is-stream-2.0.0.tgz#bde9c32680d6fae04129d6ac9d921ce7815f78e3"

isexe@^2.0.0:
  version "2.0.0"
  resolved "https://registry.yarnpkg.com/isexe/-/isexe-2.0.0.tgz#e8fbf374dc556ff8947a10dcb0572d633f2cfa10"

joycon@^3.0.0:
  version "3.0.1"
  resolved "https://registry.yarnpkg.com/joycon/-/joycon-3.0.1.tgz#9074c9b08ccf37a6726ff74a18485f85efcaddaf"

js-tokens@^4.0.0:
  version "4.0.0"
  resolved "https://registry.yarnpkg.com/js-tokens/-/js-tokens-4.0.0.tgz#19203fb59991df98e3a287050d4647cdeaf32499"

json-parse-even-better-errors@^2.3.0:
  version "2.3.1"
  resolved "https://registry.yarnpkg.com/json-parse-even-better-errors/-/json-parse-even-better-errors-2.3.1.tgz#7c47805a94319928e05777405dc12e1f7a4ee02d"

lines-and-columns@^1.1.6:
  version "1.1.6"
  resolved "https://registry.yarnpkg.com/lines-and-columns/-/lines-and-columns-1.1.6.tgz#1c00c743b433cd0a4e80758f7b64a57440d9ff00"

merge-stream@^2.0.0:
  version "2.0.0"
  resolved "https://registry.yarnpkg.com/merge-stream/-/merge-stream-2.0.0.tgz#52823629a14dd00c9770fb6ad47dc6310f2c1f60"

merge2@^1.3.0:
  version "1.4.1"
  resolved "https://registry.yarnpkg.com/merge2/-/merge2-1.4.1.tgz#4368892f885e907455a6fd7dc55c0c9d404990ae"

micromatch@^4.0.2:
  version "4.0.2"
  resolved "https://registry.yarnpkg.com/micromatch/-/micromatch-4.0.2.tgz#4fcb0999bf9fbc2fcbdd212f6d629b9a56c39259"
  dependencies:
    braces "^3.0.1"
    picomatch "^2.0.5"

mimic-fn@^2.1.0:
  version "2.1.0"
  resolved "https://registry.yarnpkg.com/mimic-fn/-/mimic-fn-2.1.0.tgz#7ed2c2ccccaf84d3ffcb7a69b57711fc2083401b"

minimatch@^3.0.4:
  version "3.0.4"
  resolved "https://registry.yarnpkg.com/minimatch/-/minimatch-3.0.4.tgz#5166e286457f03306064be5497e8dbb0c3d32083"
  dependencies:
    brace-expansion "^1.1.7"

ms@2.1.2:
  version "2.1.2"
  resolved "https://registry.yarnpkg.com/ms/-/ms-2.1.2.tgz#d09d1f357b443f493382a8eb3ccd183872ae6009"

mz@^2.7.0:
  version "2.7.0"
  resolved "https://registry.yarnpkg.com/mz/-/mz-2.7.0.tgz#95008057a56cafadc2bc63dde7f9ff6955948e32"
  dependencies:
    any-promise "^1.0.0"
    object-assign "^4.0.1"
    thenify-all "^1.0.0"

node-modules-regexp@^1.0.0:
  version "1.0.0"
  resolved "https://registry.yarnpkg.com/node-modules-regexp/-/node-modules-regexp-1.0.0.tgz#8d9dbe28964a4ac5712e9131642107c71e90ec40"

normalize-path@^3.0.0, normalize-path@~3.0.0:
  version "3.0.0"
  resolved "https://registry.yarnpkg.com/normalize-path/-/normalize-path-3.0.0.tgz#0dcd69ff23a1c9b11fd0978316644a0388216a65"

npm-run-path@^4.0.1:
  version "4.0.1"
  resolved "https://registry.yarnpkg.com/npm-run-path/-/npm-run-path-4.0.1.tgz#b7ecd1e5ed53da8e37a55e1c2269e0b97ed748ea"
  dependencies:
    path-key "^3.0.0"

object-assign@^4.0.1:
  version "4.1.1"
  resolved "https://registry.yarnpkg.com/object-assign/-/object-assign-4.1.1.tgz#2109adc7965887cfc05cbbd442cac8bfbb360863"

once@^1.3.0:
  version "1.4.0"
  resolved "https://registry.yarnpkg.com/once/-/once-1.4.0.tgz#583b1aa775961d4b113ac17d9c50baef9dd76bd1"
  dependencies:
    wrappy "1"

onetime@^5.1.2:
  version "5.1.2"
  resolved "https://registry.yarnpkg.com/onetime/-/onetime-5.1.2.tgz#d0e96ebb56b07476df1dd9c4806e5237985ca45e"
  dependencies:
    mimic-fn "^2.1.0"

parent-module@^1.0.0:
  version "1.0.1"
  resolved "https://registry.yarnpkg.com/parent-module/-/parent-module-1.0.1.tgz#691d2709e78c79fae3a156622452d00762caaaa2"
  dependencies:
    callsites "^3.0.0"

parse-json@^5.0.0:
  version "5.2.0"
  resolved "https://registry.yarnpkg.com/parse-json/-/parse-json-5.2.0.tgz#c76fc66dee54231c962b22bcc8a72cf2f99753cd"
  dependencies:
    "@babel/code-frame" "^7.0.0"
    error-ex "^1.3.1"
    json-parse-even-better-errors "^2.3.0"
    lines-and-columns "^1.1.6"

path-is-absolute@^1.0.0:
  version "1.0.1"
  resolved "https://registry.yarnpkg.com/path-is-absolute/-/path-is-absolute-1.0.1.tgz#174b9268735534ffbc7ace6bf53a5a9e1b5c5f5f"

path-key@^3.0.0, path-key@^3.1.0:
  version "3.1.1"
  resolved "https://registry.yarnpkg.com/path-key/-/path-key-3.1.1.tgz#581f6ade658cbba65a0d3380de7753295054f375"

path-type@^4.0.0:
  version "4.0.0"
  resolved "https://registry.yarnpkg.com/path-type/-/path-type-4.0.0.tgz#84ed01c0a7ba380afe09d90a8c180dcd9d03043b"

picomatch@^2.0.4, picomatch@^2.0.5, picomatch@^2.2.1:
  version "2.2.2"
  resolved "https://registry.yarnpkg.com/picomatch/-/picomatch-2.2.2.tgz#21f333e9b6b8eaff02468f5146ea406d345f4dad"

pirates@^4.0.1:
  version "4.0.1"
  resolved "https://registry.yarnpkg.com/pirates/-/pirates-4.0.1.tgz#643a92caf894566f91b2b986d2c66950a8e2fb87"
  dependencies:
    node-modules-regexp "^1.0.0"

postcss-load-config@^3.0.1:
  version "3.0.1"
  resolved "https://registry.yarnpkg.com/postcss-load-config/-/postcss-load-config-3.0.1.tgz#d214bf9cfec1608ffaf0f4161b3ba20664ab64b9"
  dependencies:
    cosmiconfig "^7.0.0"
    import-cwd "^3.0.0"

queue-microtask@^1.2.2:
  version "1.2.3"
  resolved "https://registry.yarnpkg.com/queue-microtask/-/queue-microtask-1.2.3.tgz#4929228bbc724dfac43e0efb058caf7b6cfb6243"

readdirp@~3.5.0:
  version "3.5.0"
  resolved "https://registry.yarnpkg.com/readdirp/-/readdirp-3.5.0.tgz#9ba74c019b15d365278d2e91bb8c48d7b4d42c9e"
  dependencies:
    picomatch "^2.2.1"

resolve-from@^4.0.0:
  version "4.0.0"
  resolved "https://registry.yarnpkg.com/resolve-from/-/resolve-from-4.0.0.tgz#4abcd852ad32dd7baabfe9b40e00a36db5f392e6"

resolve-from@^5.0.0:
  version "5.0.0"
  resolved "https://registry.yarnpkg.com/resolve-from/-/resolve-from-5.0.0.tgz#c35225843df8f776df21c57557bc087e9dfdfc69"

reusify@^1.0.4:
  version "1.0.4"
  resolved "https://registry.yarnpkg.com/reusify/-/reusify-1.0.4.tgz#90da382b1e126efc02146e90845a88db12925d76"

rimraf@^3.0.2:
  version "3.0.2"
  resolved "https://registry.yarnpkg.com/rimraf/-/rimraf-3.0.2.tgz#f1a5402ba6220ad52cc1282bac1ae3aa49fd061a"
  dependencies:
    glob "^7.1.3"

rollup@^2.41.2:
  version "2.43.1"
  resolved "https://registry.yarnpkg.com/rollup/-/rollup-2.43.1.tgz#9e5c9208c2011de227ac6c93101e11dc12e88e04"
  optionalDependencies:
    fsevents "~2.3.1"

run-parallel@^1.1.9:
  version "1.2.0"
  resolved "https://registry.yarnpkg.com/run-parallel/-/run-parallel-1.2.0.tgz#66d1368da7bdf921eb9d95bd1a9229e7f21a43ee"
  dependencies:
    queue-microtask "^1.2.2"

shebang-command@^2.0.0:
  version "2.0.0"
  resolved "https://registry.yarnpkg.com/shebang-command/-/shebang-command-2.0.0.tgz#ccd0af4f8835fbdc265b82461aaf0c36663f34ea"
  dependencies:
    shebang-regex "^3.0.0"

shebang-regex@^3.0.0:
  version "3.0.0"
  resolved "https://registry.yarnpkg.com/shebang-regex/-/shebang-regex-3.0.0.tgz#ae16f1644d873ecad843b0307b143362d4c42172"

signal-exit@^3.0.3:
  version "3.0.3"
  resolved "https://registry.yarnpkg.com/signal-exit/-/signal-exit-3.0.3.tgz#a1410c2edd8f077b08b4e253c8eacfcaf057461c"

slash@^3.0.0:
  version "3.0.0"
  resolved "https://registry.yarnpkg.com/slash/-/slash-3.0.0.tgz#6539be870c165adbd5240220dbe361f1bc4d4634"

strip-final-newline@^2.0.0:
  version "2.0.0"
  resolved "https://registry.yarnpkg.com/strip-final-newline/-/strip-final-newline-2.0.0.tgz#89b852fb2fcbe936f6f4b3187afb0a12c1ab58ad"

sucrase@^3.17.1:
  version "3.17.1"
  resolved "https://registry.yarnpkg.com/sucrase/-/sucrase-3.17.1.tgz#b5e35ca7d99db2cc82b3e942934c3746b41ff8e2"
  dependencies:
    commander "^4.0.0"
    glob "7.1.6"
    lines-and-columns "^1.1.6"
    mz "^2.7.0"
    pirates "^4.0.1"
    ts-interface-checker "^0.1.9"

supports-color@^5.3.0:
  version "5.5.0"
  resolved "https://registry.yarnpkg.com/supports-color/-/supports-color-5.5.0.tgz#e2e69a44ac8772f78a1ec0b35b689df6530efc8f"
  dependencies:
    has-flag "^3.0.0"

supports-color@^7.1.0:
  version "7.2.0"
  resolved "https://registry.yarnpkg.com/supports-color/-/supports-color-7.2.0.tgz#1b7dcdcb32b8138801b3e478ba6a51caa89648da"
  dependencies:
    has-flag "^4.0.0"

thenify-all@^1.0.0:
  version "1.6.0"
  resolved "https://registry.yarnpkg.com/thenify-all/-/thenify-all-1.6.0.tgz#1a1918d402d8fc3f98fbf234db0bcc8cc10e9726"
  dependencies:
    thenify ">= 3.1.0 < 4"

"thenify@>= 3.1.0 < 4":
  version "3.3.1"
  resolved "https://registry.yarnpkg.com/thenify/-/thenify-3.3.1.tgz#8932e686a4066038a016dd9e2ca46add9838a95f"
  dependencies:
    any-promise "^1.0.0"

to-regex-range@^5.0.1:
  version "5.0.1"
  resolved "https://registry.yarnpkg.com/to-regex-range/-/to-regex-range-5.0.1.tgz#1648c44aae7c8d988a326018ed72f5b4dd0392e4"
  dependencies:
    is-number "^7.0.0"

ts-interface-checker@^0.1.9:
  version "0.1.13"
  resolved "https://registry.yarnpkg.com/ts-interface-checker/-/ts-interface-checker-0.1.13.tgz#784fd3d679722bc103b1b4b8030bcddb5db2a699"

tslib@^2.1.0:
  version "2.1.0"
  resolved "https://registry.yarnpkg.com/tslib/-/tslib-2.1.0.tgz#da60860f1c2ecaa5703ab7d39bc05b6bf988b97a"

tsup@^4.8.21:
  version "4.8.21"
  resolved "https://registry.yarnpkg.com/tsup/-/tsup-4.8.21.tgz#15c3fc9552b3612f5ac29bc5c875d59e4cc300d8"
  dependencies:
    cac "^6.7.2"
    chalk "^4.1.0"
    chokidar "^3.5.1"
    debug "^4.3.1"
    esbuild "^0.10.2"
    execa "^5.0.0"
    globby "^11.0.2"
    joycon "^3.0.0"
    postcss-load-config "^3.0.1"
    resolve-from "^5.0.0"
    rollup "^2.41.2"
    sucrase "^3.17.1"

typescript@^4.2.3:
  version "4.2.3"
  resolved "https://registry.yarnpkg.com/typescript/-/typescript-4.2.3.tgz#39062d8019912d43726298f09493d598048c1ce3"

vue-router@^3.5.1:
  version "3.5.1"
  resolved "https://registry.yarnpkg.com/vue-router/-/vue-router-3.5.1.tgz#edf3cf4907952d1e0583e079237220c5ff6eb6c9"

vue@^2.6.12:
  version "2.6.12"
  resolved "https://registry.yarnpkg.com/vue/-/vue-2.6.12.tgz#f5ebd4fa6bd2869403e29a896aed4904456c9123"

which@^2.0.1:
  version "2.0.2"
  resolved "https://registry.yarnpkg.com/which/-/which-2.0.2.tgz#7c6a8dd0a636a0327e10b59c9286eee93f3f51b1"
  dependencies:
    isexe "^2.0.0"

wrappy@1:
  version "1.0.2"
  resolved "https://registry.yarnpkg.com/wrappy/-/wrappy-1.0.2.tgz#b5243d8f3ec1aa35f1364605bc0d1036e30ab69f"

yaml@^1.10.0:
  version "1.10.2"
  resolved "https://registry.yarnpkg.com/yaml/-/yaml-1.10.2.tgz#2301c5ffbf12b467de8da2333a459e29e7920e4b"
